{
  "name": "DamonsJ.github.io",
  "lockfileVersion": 3,
  "requires": true,
  "packages": {
    "": {
      "devDependencies": {
        "@shopify/prettier-plugin-liquid": "^1.8.2",
        "prettier": "3.5.3"
      }
    },
    "node_modules/@shopify/liquid-html-parser": {
      "version": "2.7.0",
      "resolved": "https://npm.shopee.io/@shopify%2fliquid-html-parser/-/liquid-html-parser-2.7.0.tgz",
      "integrity": "sha512-DIkG3cs9vpIRpbaoU/Bv1TNnGXKiJTdCuJeiJlGhADcF4Ic4Da6ZsLI+/z1CoNn/fS59z0wOI/p2NsFWr6XJ8w==",
      "dev": true,
      "license": "MIT",
      "dependencies": {
        "line-column": "^1.0.2",
        "ohm-js": "^16.3.0"
      }
    },
    "node_modules/@shopify/prettier-plugin-liquid": {
      "version": "1.9.0",
      "resolved": "https://npm.shopee.io/@shopify%2fprettier-plugin-liquid/-/prettier-plugin-liquid-1.9.0.tgz",
      "integrity": "sha512-79y7ZgaZcTTe9ODQN7QYnqZvj1BlaRt5wyxr4U6uYPaOPoTjRPLpvLkvnFUv9XoiPSlYwECk00vQCsYjPcO1nQ==",
      "dev": true,
      "license": "MIT",
      "dependencies": {
        "@shopify/liquid-html-parser": "^2.7.0",
        "html-styles": "^1.0.0"
      },
      "peerDependencies": {
        "prettier": "^2.0.0 || ^3.0.0"
      }
    },
    "node_modules/html-styles": {
      "version": "1.0.0",
      "resolved": "https://npm.shopee.io/html-styles/-/html-styles-1.0.0.tgz",
      "integrity": "sha1-oYBh/WUfmca3XEXI4FSaO8PgGnU=",
      "dev": true,
      "license": "MIT"
    },
    "node_modules/isarray": {
      "version": "1.0.0",
      "resolved": "https://npm.shopee.io/isarray/-/isarray-1.0.0.tgz",
      "integrity": "sha1-u5NdSFgsuhaMBoNJV6VKPgcSTxE=",
      "dev": true,
      "license": "MIT"
    },
    "node_modules/isobject": {
      "version": "2.1.0",
      "resolved": "https://npm.shopee.io/isobject/-/isobject-2.1.0.tgz",
      "integrity": "sha1-8GVWEJaj8dou9GJy+BXIQNh+DIk=",
      "dev": true,
      "license": "MIT",
      "dependencies": {
        "isarray": "1.0.0"
      },
      "engines": {
        "node": ">=0.10.0"
      }
    },
    "node_modules/line-column": {
      "version": "1.0.2",
      "resolved": "https://npm.shopee.io/line-column/-/line-column-1.0.2.tgz",
      "integrity": "sha1-0lryk2tvSEkXKzEuR5LR2Ye8NKI=",
      "dev": true,
      "license": "MIT",
      "dependencies": {
        "isarray": "^1.0.0",
        "isobject": "^2.0.0"
      }
    },
    "node_modules/ohm-js": {
      "version": "16.6.0",
      "resolved": "https://npm.shopee.io/ohm-js/-/ohm-js-16.6.0.tgz",
      "integrity": "sha512-X9P4koSGa7swgVQ0gt71UCYtkAQGOjciJPJAz74kDxWt8nXbH5HrDOQG6qBDH7SR40ktNv4x61BwpTDE9q4lRA==",
      "dev": true,
      "license": "MIT",
      "engines": {
        "node": ">=0.12.1"
      }
    },
    "node_modules/prettier": {
      "version": "3.5.3",
      "resolved": "https://npm.shopee.io/prettier/-/prettier-3.5.3.tgz",
      "integrity": "sha512-QQtaxnoDJeAkDvDKWCLiwIXkTgRhwYDEQCghU9Z6q03iyek/rxRh/2lC3HB7P8sWT2xC/y5JDctPLBIGzHKbhw==",
      "dev": true,
      "license": "MIT",
      "bin": {
        "prettier": "bin/prettier.cjs"
      },
      "engines": {
        "node": ">=14"
      },
      "funding": {
        "url": "https://github.com/prettier/prettier?sponsor=1"
      }
    }
  }
}
